// !$*UTF8*$!
{
	archiveVersion = 1;
	classes = {
	};
	objectVersion = 46;
	objects = {

/* Begin PBXBuildFile section */
		F298A8121D26958300903D45 /* AppDelegate.swift in Sources */ = {isa = PBXBuildFile; fileRef = F298A8111D26958300903D45 /* AppDelegate.swift */; };
		F298A8141D26958300903D45 /* ViewController.swift in Sources */ = {isa = PBXBuildFile; fileRef = F298A8131D26958300903D45 /* ViewController.swift */; };
		F298A8171D26958300903D45 /* Main.storyboard in Resources */ = {isa = PBXBuildFile; fileRef = F298A8151D26958300903D45 /* Main.storyboard */; };
		F298A8191D26958300903D45 /* Assets.xcassets in Resources */ = {isa = PBXBuildFile; fileRef = F298A8181D26958300903D45 /* Assets.xcassets */; };
		F298A81C1D26958300903D45 /* LaunchScreen.storyboard in Resources */ = {isa = PBXBuildFile; fileRef = F298A81A1D26958300903D45 /* LaunchScreen.storyboard */; };
		F298A8271D26958300903D45 /* FirstDemoTests.swift in Sources */ = {isa = PBXBuildFile; fileRef = F298A8261D26958300903D45 /* FirstDemoTests.swift */; };
/* End PBXBuildFile section */

/* Begin PBXContainerItemProxy section */
		F298A8231D26958300903D45 /* PBXContainerItemProxy */ = {
			isa = PBXContainerItemProxy;
			containerPortal = F298A8061D26958300903D45 /* Project object */;
			proxyType = 1;
			remoteGlobalIDString = F298A80D1D26958300903D45;
			remoteInfo = FirstDemo;
		};
/* End PBXContainerItemProxy section */

/* Begin PBXFileReference section */
		F298A80E1D26958300903D45 /* FirstDemo.app */ = {isa = PBXFileReference; explicitFileType = wrapper.application; includeInIndex = 0; path = FirstDemo.app; sourceTree = BUILT_PRODUCTS_DIR; };
		F298A8111D26958300903D45 /* AppDelegate.swift */ = {isa = PBXFileReference; lastKnownFileType = sourcecode.swift; path = AppDelegate.swift; sourceTree = "<group>"; };
		F298A8131D26958300903D45 /* ViewController.swift */ = {isa = PBXFileReference; lastKnownFileType = sourcecode.swift; path = ViewController.swift; sourceTree = "<group>"; };
		F298A8161D26958300903D45 /* Base */ = {isa = PBXFileReference; lastKnownFileType = file.storyboard; name = Base; path = Base.lproj/Main.storyboard; sourceTree = "<group>"; };
		F298A8181D26958300903D45 /* Assets.xcassets */ = {isa = PBXFileReference; lastKnownFileType = folder.assetcatalog; path = Assets.xcassets; sourceTree = "<group>"; };
		F298A81B1D26958300903D45 /* Base */ = {isa = PBXFileReference; lastKnownFileType = file.storyboard; name = Base; path = Base.lproj/LaunchScreen.storyboard; sourceTree = "<group>"; };
		F298A81D1D26958300903D45 /* Info.plist */ = {isa = PBXFileReference; lastKnownFileType = text.plist.xml; path = Info.plist; sourceTree = "<group>"; };
		F298A8221D26958300903D45 /* FirstDemoTests.xctest */ = {isa = PBXFileReference; explicitFileType = wrapper.cfbundle; includeInIndex = 0; path = FirstDemoTests.xctest; sourceTree = BUILT_PRODUCTS_DIR; };
		F298A8261D26958300903D45 /* FirstDemoTests.swift */ = {isa = PBXFileReference; lastKnownFileType = sourcecode.swift; path = FirstDemoTests.swift; sourceTree = "<group>"; };
		F298A8281D26958300903D45 /* Info.plist */ = {isa = PBXFileReference; lastKnownFileType = text.plist.xml; path = Info.plist; sourceTree = "<group>"; };
/* End PBXFileReference section */

/* Begin PBXFrameworksBuildPhase section */
		F298A80B1D26958300903D45 /* Frameworks */ = {
			isa = PBXFrameworksBuildPhase;
			buildActionMask = 2147483647;
			files = (
			);
			runOnlyForDeploymentPostprocessing = 0;
		};
		F298A81F1D26958300903D45 /* Frameworks */ = {
			isa = PBXFrameworksBuildPhase;
			buildActionMask = 2147483647;
			files = (
			);
			runOnlyForDeploymentPostprocessing = 0;
		};
/* End PBXFrameworksBuildPhase section */

/* Begin PBXGroup section */
		F298A8051D26958300903D45 = {
			isa = PBXGroup;
			children = (
				F298A8101D26958300903D45 /* FirstDemo */,
				F298A8251D26958300903D45 /* FirstDemoTests */,
				F298A80F1D26958300903D45 /* Products */,
			);
			sourceTree = "<group>";
		};
		F298A80F1D26958300903D45 /* Products */ = {
			isa = PBXGroup;
			children = (
				F298A80E1D26958300903D45 /* FirstDemo.app */,
				F298A8221D26958300903D45 /* FirstDemoTests.xctest */,
			);
			name = Products;
			sourceTree = "<group>";
		};
		F298A8101D26958300903D45 /* FirstDemo */ = {
			isa = PBXGroup;
			children = (
				F298A8111D26958300903D45 /* AppDelegate.swift */,
				F298A8131D26958300903D45 /* ViewController.swift */,
				F298A8151D26958300903D45 /* Main.storyboard */,
				F298A8181D26958300903D45 /* Assets.xcassets */,
				F298A81A1D26958300903D45 /* LaunchScreen.storyboard */,
				F298A81D1D26958300903D45 /* Info.plist */,
			);
			path = FirstDemo;
			sourceTree = "<group>";
		};
		F298A8251D26958300903D45 /* FirstDemoTests */ = {
			isa = PBXGroup;
			children = (
				F298A8261D26958300903D45 /* FirstDemoTests.swift */,
				F298A8281D26958300903D45 /* Info.plist */,
			);
			path = FirstDemoTests;
			sourceTree = "<group>";
		};
/* End PBXGroup section */

/* Begin PBXNativeTarget section */
		F298A80D1D26958300903D45 /* FirstDemo */ = {
			isa = PBXNativeTarget;
			buildConfigurationList = F298A82B1D26958300903D45 /* Build configuration list for PBXNativeTarget "FirstDemo" */;
			buildPhases = (
				F298A80A1D26958300903D45 /* Sources */,
				F298A80B1D26958300903D45 /* Frameworks */,
				F298A80C1D26958300903D45 /* Resources */,
			);
			buildRules = (
			);
			dependencies = (
			);
			name = FirstDemo;
			productName = FirstDemo;
			productReference = F298A80E1D26958300903D45 /* FirstDemo.app */;
			productType = "com.apple.product-type.application";
		};
		F298A8211D26958300903D45 /* FirstDemoTests */ = {
			isa = PBXNativeTarget;
			buildConfigurationList = F298A82E1D26958300903D45 /* Build configuration list for PBXNativeTarget "FirstDemoTests" */;
			buildPhases = (
				F298A81E1D26958300903D45 /* Sources */,
				F298A81F1D26958300903D45 /* Frameworks */,
				F298A8201D26958300903D45 /* Resources */,
			);
			buildRules = (
			);
			dependencies = (
				F298A8241D26958300903D45 /* PBXTargetDependency */,
			);
			name = FirstDemoTests;
			productName = FirstDemoTests;
			productReference = F298A8221D26958300903D45 /* FirstDemoTests.xctest */;
			productType = "com.apple.product-type.bundle.unit-test";
		};
/* End PBXNativeTarget section */

/* Begin PBXProject section */
		F298A8061D26958300903D45 /* Project object */ = {
			isa = PBXProject;
			attributes = {
				LastSwiftUpdateCheck = 0800;
				LastUpgradeCheck = 0800;
				ORGANIZATIONNAME = dasdom;
				TargetAttributes = {
					F298A80D1D26958300903D45 = {
						CreatedOnToolsVersion = 8.0;
						DevelopmentTeam = Q6PD97MRX4;
						DevelopmentTeamName = "Dominik Hauser";
						ProvisioningStyle = Automatic;
					};
					F298A8211D26958300903D45 = {
						CreatedOnToolsVersion = 8.0;
						DevelopmentTeam = Q6PD97MRX4;
						DevelopmentTeamName = "Dominik Hauser";
						ProvisioningStyle = Automatic;
						TestTargetID = F298A80D1D26958300903D45;
					};
				};
			};
			buildConfigurationList = F298A8091D26958300903D45 /* Build configuration list for PBXProject "FirstDemo" */;
			compatibilityVersion = "Xcode 3.2";
			developmentRegion = English;
			hasScannedForEncodings = 0;
			knownRegions = (
				en,
				Base,
			);
			mainGroup = F298A8051D26958300903D45;
			productRefGroup = F298A80F1D26958300903D45 /* Products */;
			projectDirPath = "";
			projectRoot = "";
			targets = (
				F298A80D1D26958300903D45 /* FirstDemo */,
				F298A8211D26958300903D45 /* FirstDemoTests */,
			);
		};
/* End PBXProject section */

/* Begin PBXResourcesBuildPhase section */
		F298A80C1D26958300903D45 /* Resources */ = {
			isa = PBXResourcesBuildPhase;
			buildActionMask = 2147483647;
			files = (
				F298A81C1D26958300903D45 /* LaunchScreen.storyboard in Resources */,
				F298A8191D26958300903D45 /* Assets.xcassets in Resources */,
				F298A8171D26958300903D45 /* Main.storyboard in Resources */,
			);
			runOnlyForDeploymentPostprocessing = 0;
		};
		F298A8201D26958300903D45 /* Resources */ = {
			isa = PBXResourcesBuildPhase;
			buildActionMask = 2147483647;
			files = (
			);
			runOnlyForDeploymentPostprocessing = 0;
		};
/* End PBXResourcesBuildPhase section */

/* Begin PBXSourcesBuildPhase section */
		F298A80A1D26958300903D45 /* Sources */ = {
			isa = PBXSourcesBuildPhase;
			buildActionMask = 2147483647;
			files = (
				F298A8141D26958300903D45 /* ViewController.swift in Sources */,
				F298A8121D26958300903D45 /* AppDelegate.swift in Sources */,
			);
			runOnlyForDeploymentPostprocessing = 0;
		};
		F298A81E1D26958300903D45 /* Sources */ = {
			isa = PBXSourcesBuildPhase;
			buildActionMask = 2147483647;
			files = (
				F298A8271D26958300903D45 /* FirstDemoTests.swift in Sources */,
			);
			runOnlyForDeploymentPostprocessing = 0;
		};
/* End PBXSourcesBuildPhase section */

/* Begin PBXTargetDependency section */
		F298A8241D26958300903D45 /* PBXTargetDependency */ = {
			isa = PBXTargetDependency;
			target = F298A80D1D26958300903D45 /* FirstDemo */;
			targetProxy = F298A8231D26958300903D45 /* PBXContainerItemProxy */;
		};
/* End PBXTargetDependency section */

/* Begin PBXVariantGroup section */
		F298A8151D26958300903D45 /* Main.storyboard */ = {
			isa = PBXVariantGroup;
			children = (
				F298A8161D26958300903D45 /* Base */,
			);
			name = Main.storyboard;
			sourceTree = "<group>";
		};
		F298A81A1D26958300903D45 /* LaunchScreen.storyboard */ = {
			isa = PBXVariantGroup;
			children = (
				F298A81B1D26958300903D45 /* Base */,
			);
			name = LaunchScreen.storyboard;
			sourceTree = "<group>";
		};
/* End PBXVariantGroup section */

/* Begin XCBuildConfiguration section */
		F298A8291D26958300903D45 /* Debug */ = {
			isa = XCBuildConfiguration;
			buildSettings = {
				ALWAYS_SEARCH_USER_PATHS = NO;
				CLANG_ANALYZER_NONNULL = YES;
				CLANG_CXX_LANGUAGE_STANDARD = "gnu++0x";
				CLANG_CXX_LIBRARY = "libc++";
				CLANG_ENABLE_MODULES = YES;
				CLANG_ENABLE_OBJC_ARC = YES;
				CLANG_WARN_BOOL_CONVERSION = YES;
				CLANG_WARN_CONSTANT_CONVERSION = YES;
				CLANG_WARN_DIRECT_OBJC_ISA_USAGE = YES_ERROR;
				CLANG_WARN_DOCUMENTATION_COMMENTS = YES;
				CLANG_WARN_EMPTY_BODY = YES;
				CLANG_WARN_ENUM_CONVERSION = YES;
				CLANG_WARN_INT_CONVERSION = YES;
				CLANG_WARN_OBJC_ROOT_CLASS = YES_ERROR;
				CLANG_WARN_UNREACHABLE_CODE = YES;
				CLANG_WARN__DUPLICATE_METHOD_MATCH = YES;
				"CODE_SIGN_IDENTITY[sdk=iphoneos*]" = "iPhone Developer";
				COPY_PHASE_STRIP = NO;
				DEBUG_INFORMATION_FORMAT = dwarf;
				ENABLE_STRICT_OBJC_MSGSEND = YES;
				ENABLE_TESTABILITY = YES;
				GCC_C_LANGUAGE_STANDARD = gnu99;
				GCC_DYNAMIC_NO_PIC = NO;
				GCC_NO_COMMON_BLOCKS = YES;
				GCC_OPTIMIZATION_LEVEL = 0;
				GCC_PREPROCESSOR_DEFINITIONS = (
					"DEBUG=1",
					"$(inherited)",
				);
				GCC_WARN_64_TO_32_BIT_CONVERSION = YES;
				GCC_WARN_ABOUT_RETURN_TYPE = YES_ERROR;
				GCC_WARN_UNDECLARED_SELECTOR = YES;
				GCC_WARN_UNINITIALIZED_AUTOS = YES_AGGRESSIVE;
				GCC_WARN_UNUSED_FUNCTION = YES;
				GCC_WARN_UNUSED_VARIABLE = YES;
				IPHONEOS_DEPLOYMENT_TARGET = 10.0;
				MTL_ENABLE_DEBUG_INFO = YES;
				ONLY_ACTIVE_ARCH = YES;
				SDKROOT = iphoneos;
				SWIFT_ACTIVE_COMPILATION_CONDITIONS = DEBUG;
				SWIFT_OPTIMIZATION_LEVEL = "-Onone";
			};
			name = Debug;
		};
		F298A82A1D26958300903D45 /* Release */ = {
			isa = XCBuildConfiguration;
			buildSettings = {
				ALWAYS_SEARCH_USER_PATHS = NO;
				CLANG_ANALYZER_NONNULL = YES;
				CLANG_CXX_LANGUAGE_STANDARD = "gnu++0x";
				CLANG_CXX_LIBRARY = "libc++";
				CLANG_ENABLE_MODULES = YES;
				CLANG_ENABLE_OBJC_ARC = YES;
				CLANG_WARN_BOOL_CONVERSION = YES;
				CLANG_WARN_CONSTANT_CONVERSION = YES;
				CLANG_WARN_DIRECT_OBJC_ISA_USAGE = YES_ERROR;
				CLANG_WARN_DOCUMENTATION_COMMENTS = YES;
				CLANG_WARN_EMPTY_BODY = YES;
				CLANG_WARN_ENUM_CONVERSION = YES;
				CLANG_WARN_INT_CONVERSION = YES;
				CLANG_WARN_OBJC_ROOT_CLASS = YES_ERROR;
				CLANG_WARN_UNREACHABLE_CODE = YES;
				CLANG_WARN__DUPLICATE_METHOD_MATCH = YES;
				"CODE_SIGN_IDENTITY[sdk=iphoneos*]" = "iPhone Developer";
				COPY_PHASE_STRIP = NO;
				DEBUG_INFORMATION_FORMAT = "dwarf-with-dsym";
				ENABLE_NS_ASSERTIONS = NO;
				ENABLE_STRICT_OBJC_MSGSEND = YES;
				GCC_C_LANGUAGE_STANDARD = gnu99;
				GCC_NO_COMMON_BLOCKS = YES;
				GCC_WARN_64_TO_32_BIT_CONVERSION = YES;
				GCC_WARN_ABOUT_RETURN_TYPE = YES_ERROR;
				GCC_WARN_UNDECLARED_SELECTOR = YES;
				GCC_WARN_UNINITIALIZED_AUTOS = YES_AGGRESSIVE;
				GCC_WARN_UNUSED_FUNCTION = YES;
				GCC_WARN_UNUSED_VARIABLE = YES;
				IPHONEOS_DEPLOYMENT_TARGET = 10.0;
				MTL_ENABLE_DEBUG_INFO = NO;
				SDKROOT = iphoneos;
				SWIFT_OPTIMIZATION_LEVEL = "-Owholemodule";
				VALIDATE_PRODUCT = YES;
			};
			name = Release;
		};
		F298A82C1D26958300903D45 /* Debug */ = {
			isa = XCBuildConfiguration;
			buildSettings = {
				ASSETCATALOG_COMPILER_APPICON_NAME = AppIcon;
				INFOPLIST_FILE = FirstDemo/Info.plist;
				LD_RUNPATH_SEARCH_PATHS = "$(inherited) @executable_path/Frameworks";
				PRODUCT_BUNDLE_IDENTIFIER = com.swiftandpainless.FirstDemo;
				PRODUCT_NAME = "$(TARGET_NAME)";
				SWIFT_VERSION = 3.0;
			};
			name = Debug;
		};
		F298A82D1D26958300903D45 /* Release */ = {
			isa = XCBuildConfiguration;
			buildSettings = {
				ASSETCATALOG_COMPILER_APPICON_NAME = AppIcon;
				INFOPLIST_FILE = FirstDemo/Info.plist;
				LD_RUNPATH_SEARCH_PATHS = "$(inherited) @executable_path/Frameworks";
				PRODUCT_BUNDLE_IDENTIFIER = com.swiftandpainless.FirstDemo;
				PRODUCT_NAME = "$(TARGET_NAME)";
				SWIFT_VERSION = 3.0;
			};
			name = Release;
		};
		F298A82F1D26958300903D45 /* Debug */ = {
			isa = XCBuildConfiguration;
			buildSettings = {
				BUNDLE_LOADER = "$(TEST_HOST)";
				INFOPLIST_FILE = FirstDemoTests/Info.plist;
				LD_RUNPATH_SEARCH_PATHS = "$(inherited) @executable_path/Frameworks @loader_path/Frameworks";
				PRODUCT_BUNDLE_IDENTIFIER = com.swiftandpainless.FirstDemoTests;
				PRODUCT_NAME = "$(TARGET_NAME)";
				SWIFT_VERSION = 3.0;
				TEST_HOST = "$(BUILT_PRODUCTS_DIR)/FirstDemo.app/FirstDemo";
			};
			name = Debug;
		};
		F298A8301D26958300903D45 /* Release */ = {
			isa = XCBuildConfiguration;
			buildSettings = {
				BUNDLE_LOADER = "$(TEST_HOST)";
				INFOPLIST_FILE = FirstDemoTests/Info.plist;
				LD_RUNPATH_SEARCH_PATHS = "$(inherited) @executable_path/Frameworks @loader_path/Frameworks";
				PRODUCT_BUNDLE_IDENTIFIER = com.swiftandpainless.FirstDemoTests;
				PRODUCT_NAME = "$(TARGET_NAME)";
				SWIFT_VERSION = 3.0;
				TEST_HOST = "$(BUILT_PRODUCTS_DIR)/FirstDemo.app/FirstDemo";
			};
			name = Release;
		};
/* End XCBuildConfiguration section */

/* Begin XCConfigurationList section */
		F298A8091D26958300903D45 /* Build configuration list for PBXProject "FirstDemo" */ = {
			isa = XCConfigurationList;
			buildConfigurations = (
				F298A8291D26958300903D45 /* Debug */,
				F298A82A1D26958300903D45 /* Release */,
			);
			defaultConfigurationIsVisible = 0;
			defaultConfigurationName = Release;
		};
		F298A82B1D26958300903D45 /* Build configuration list for PBXNativeTarget "FirstDemo" */ = {
			isa = XCConfigurationList;
			buildConfigurations = (
				F298A82C1D26958300903D45 /* Debug */,
				F298A82D1D26958300903D45 /* Release */,
			);
			defaultConfigurationIsVisible = 0;
		};
		F298A82E1D26958300903D45 /* Build configuration list for PBXNativeTarget "FirstDemoTests" */ = {
			isa = XCConfigurationList;
			buildConfigurations = (
				F298A82F1D26958300903D45 /* Debug */,
				F298A8301D26958300903D45 /* Release */,
			);
			defaultConfigurationIsVisible = 0;
		};
/* End XCConfigurationList section */
	};
	rootObject = F298A8061D26958300903D45 /* Project object */;
}
